
Microsoft Visual Studio Solution File, Format Version 12.00
# Visual Studio Version 17
VisualStudioVersion = 17.0.31903.59
MinimumVisualStudioVersion = 10.0.40219.1
Project("{FAE04EC0-301F-11D3-BF4B-00C04F79EFBC}") = "Api", "Api\Api.csproj", "{E24E4400-C9CF-46A7-B272-423EF46E06F2}"
EndProject
Project("{FAE04EC0-301F-11D3-BF4B-00C04F79EFBC}") = "Application", "Application\Application.csproj", "{9636AB06-55D9-446E-A1F7-E8FB197A0242}"
EndProject
Project("{FAE04EC0-301F-11D3-BF4B-00C04F79EFBC}") = "Presentation", "Presentation\Presentation.csproj", "{928F7FBE-486B-4B91-A51E-ACD4C3657DA4}"
EndProject
Project("{FAE04EC0-301F-11D3-BF4B-00C04F79EFBC}") = "UnitTest", "UnitTest\UnitTest.csproj", "{5B8F2FC0-1A56-4A9E-88FC-23A95E7C855E}"
EndProject
Project("{FAE04EC0-301F-11D3-BF4B-00C04F79EFBC}") = "Domain", "Domain\Domain.csproj", "{7484340F-6775-433D-B44F-4EC63524C3A8}"
EndProject
Project("{FAE04EC0-301F-11D3-BF4B-00C04F79EFBC}") = "Database", "Database\Database.csproj", "{BBC42D3F-91A4-4774-BE1C-E9B0FF1DE990}"
EndProject
Global
	GlobalSection(SolutionConfigurationPlatforms) = preSolution
		Debug|Any CPU = Debug|Any CPU
		Debug|x64 = Debug|x64
		Debug|x86 = Debug|x86
		Release|Any CPU = Release|Any CPU
		Release|x64 = Release|x64
		Release|x86 = Release|x86
	EndGlobalSection
	GlobalSection(ProjectConfigurationPlatforms) = postSolution
		{E24E4400-C9CF-46A7-B272-423EF46E06F2}.Debug|Any CPU.ActiveCfg = Debug|Any CPU
		{E24E4400-C9CF-46A7-B272-423EF46E06F2}.Debug|Any CPU.Build.0 = Debug|Any CPU
		{E24E4400-C9CF-46A7-B272-423EF46E06F2}.Debug|x64.ActiveCfg = Debug|Any CPU
		{E24E4400-C9CF-46A7-B272-423EF46E06F2}.Debug|x64.Build.0 = Debug|Any CPU
		{E24E4400-C9CF-46A7-B272-423EF46E06F2}.Debug|x86.ActiveCfg = Debug|Any CPU
		{E24E4400-C9CF-46A7-B272-423EF46E06F2}.Debug|x86.Build.0 = Debug|Any CPU
		{E24E4400-C9CF-46A7-B272-423EF46E06F2}.Release|Any CPU.ActiveCfg = Release|Any CPU
		{E24E4400-C9CF-46A7-B272-423EF46E06F2}.Release|Any CPU.Build.0 = Release|Any CPU
		{E24E4400-C9CF-46A7-B272-423EF46E06F2}.Release|x64.ActiveCfg = Release|Any CPU
		{E24E4400-C9CF-46A7-B272-423EF46E06F2}.Release|x64.Build.0 = Release|Any CPU
		{E24E4400-C9CF-46A7-B272-423EF46E06F2}.Release|x86.ActiveCfg = Release|Any CPU
		{E24E4400-C9CF-46A7-B272-423EF46E06F2}.Release|x86.Build.0 = Release|Any CPU
		{9636AB06-55D9-446E-A1F7-E8FB197A0242}.Debug|Any CPU.ActiveCfg = Debug|Any CPU
		{9636AB06-55D9-446E-A1F7-E8FB197A0242}.Debug|Any CPU.Build.0 = Debug|Any CPU
		{9636AB06-55D9-446E-A1F7-E8FB197A0242}.Debug|x64.ActiveCfg = Debug|Any CPU
		{9636AB06-55D9-446E-A1F7-E8FB197A0242}.Debug|x64.Build.0 = Debug|Any CPU
		{9636AB06-55D9-446E-A1F7-E8FB197A0242}.Debug|x86.ActiveCfg = Debug|Any CPU
		{9636AB06-55D9-446E-A1F7-E8FB197A0242}.Debug|x86.Build.0 = Debug|Any CPU
		{9636AB06-55D9-446E-A1F7-E8FB197A0242}.Release|Any CPU.ActiveCfg = Release|Any CPU
		{9636AB06-55D9-446E-A1F7-E8FB197A0242}.Release|Any CPU.Build.0 = Release|Any CPU
		{9636AB06-55D9-446E-A1F7-E8FB197A0242}.Release|x64.ActiveCfg = Release|Any CPU
		{9636AB06-55D9-446E-A1F7-E8FB197A0242}.Release|x64.Build.0 = Release|Any CPU
		{9636AB06-55D9-446E-A1F7-E8FB197A0242}.Release|x86.ActiveCfg = Release|Any CPU
		{9636AB06-55D9-446E-A1F7-E8FB197A0242}.Release|x86.Build.0 = Release|Any CPU
		{928F7FBE-486B-4B91-A51E-ACD4C3657DA4}.Debug|Any CPU.ActiveCfg = Debug|Any CPU
		{928F7FBE-486B-4B91-A51E-ACD4C3657DA4}.Debug|Any CPU.Build.0 = Debug|Any CPU
		{928F7FBE-486B-4B91-A51E-ACD4C3657DA4}.Debug|x64.ActiveCfg = Debug|Any CPU
		{928F7FBE-486B-4B91-A51E-ACD4C3657DA4}.Debug|x64.Build.0 = Debug|Any CPU
		{928F7FBE-486B-4B91-A51E-ACD4C3657DA4}.Debug|x86.ActiveCfg = Debug|Any CPU
		{928F7FBE-486B-4B91-A51E-ACD4C3657DA4}.Debug|x86.Build.0 = Debug|Any CPU
		{928F7FBE-486B-4B91-A51E-ACD4C3657DA4}.Release|Any CPU.ActiveCfg = Release|Any CPU
		{928F7FBE-486B-4B91-A51E-ACD4C3657DA4}.Release|Any CPU.Build.0 = Release|Any CPU
		{928F7FBE-486B-4B91-A51E-ACD4C3657DA4}.Release|x64.ActiveCfg = Release|Any CPU
		{928F7FBE-486B-4B91-A51E-ACD4C3657DA4}.Release|x64.Build.0 = Release|Any CPU
		{928F7FBE-486B-4B91-A51E-ACD4C3657DA4}.Release|x86.ActiveCfg = Release|Any CPU
		{928F7FBE-486B-4B91-A51E-ACD4C3657DA4}.Release|x86.Build.0 = Release|Any CPU
		{5B8F2FC0-1A56-4A9E-88FC-23A95E7C855E}.Debug|Any CPU.ActiveCfg = Debug|Any CPU
		{5B8F2FC0-1A56-4A9E-88FC-23A95E7C855E}.Debug|Any CPU.Build.0 = Debug|Any CPU
		{5B8F2FC0-1A56-4A9E-88FC-23A95E7C855E}.Debug|x64.ActiveCfg = Debug|Any CPU
		{5B8F2FC0-1A56-4A9E-88FC-23A95E7C855E}.Debug|x64.Build.0 = Debug|Any CPU
		{5B8F2FC0-1A56-4A9E-88FC-23A95E7C855E}.Debug|x86.ActiveCfg = Debug|Any CPU
		{5B8F2FC0-1A56-4A9E-88FC-23A95E7C855E}.Debug|x86.Build.0 = Debug|Any CPU
		{5B8F2FC0-1A56-4A9E-88FC-23A95E7C855E}.Release|Any CPU.ActiveCfg = Release|Any CPU
		{5B8F2FC0-1A56-4A9E-88FC-23A95E7C855E}.Release|Any CPU.Build.0 = Release|Any CPU
		{5B8F2FC0-1A56-4A9E-88FC-23A95E7C855E}.Release|x64.ActiveCfg = Release|Any CPU
		{5B8F2FC0-1A56-4A9E-88FC-23A95E7C855E}.Release|x64.Build.0 = Release|Any CPU
		{5B8F2FC0-1A56-4A9E-88FC-23A95E7C855E}.Release|x86.ActiveCfg = Release|Any CPU
		{5B8F2FC0-1A56-4A9E-88FC-23A95E7C855E}.Release|x86.Build.0 = Release|Any CPU
		{7484340F-6775-433D-B44F-4EC63524C3A8}.Debug|Any CPU.ActiveCfg = Debug|Any CPU
		{7484340F-6775-433D-B44F-4EC63524C3A8}.Debug|Any CPU.Build.0 = Debug|Any CPU
		{7484340F-6775-433D-B44F-4EC63524C3A8}.Debug|x64.ActiveCfg = Debug|Any CPU
		{7484340F-6775-433D-B44F-4EC63524C3A8}.Debug|x64.Build.0 = Debug|Any CPU
		{7484340F-6775-433D-B44F-4EC63524C3A8}.Debug|x86.ActiveCfg = Debug|Any CPU
		{7484340F-6775-433D-B44F-4EC63524C3A8}.Debug|x86.Build.0 = Debug|Any CPU
		{7484340F-6775-433D-B44F-4EC63524C3A8}.Release|Any CPU.ActiveCfg = Release|Any CPU
		{7484340F-6775-433D-B44F-4EC63524C3A8}.Release|Any CPU.Build.0 = Release|Any CPU
		{7484340F-6775-433D-B44F-4EC63524C3A8}.Release|x64.ActiveCfg = Release|Any CPU
		{7484340F-6775-433D-B44F-4EC63524C3A8}.Release|x64.Build.0 = Release|Any CPU
		{7484340F-6775-433D-B44F-4EC63524C3A8}.Release|x86.ActiveCfg = Release|Any CPU
		{7484340F-6775-433D-B44F-4EC63524C3A8}.Release|x86.Build.0 = Release|Any CPU
		{BBC42D3F-91A4-4774-BE1C-E9B0FF1DE990}.Debug|Any CPU.ActiveCfg = Debug|Any CPU
		{BBC42D3F-91A4-4774-BE1C-E9B0FF1DE990}.Debug|Any CPU.Build.0 = Debug|Any CPU
		{BBC42D3F-91A4-4774-BE1C-E9B0FF1DE990}.Debug|x64.ActiveCfg = Debug|Any CPU
		{BBC42D3F-91A4-4774-BE1C-E9B0FF1DE990}.Debug|x64.Build.0 = Debug|Any CPU
		{BBC42D3F-91A4-4774-BE1C-E9B0FF1DE990}.Debug|x86.ActiveCfg = Debug|Any CPU
		{BBC42D3F-91A4-4774-BE1C-E9B0FF1DE990}.Debug|x86.Build.0 = Debug|Any CPU
		{BBC42D3F-91A4-4774-BE1C-E9B0FF1DE990}.Release|Any CPU.ActiveCfg = Release|Any CPU
		{BBC42D3F-91A4-4774-BE1C-E9B0FF1DE990}.Release|Any CPU.Build.0 = Release|Any CPU
		{BBC42D3F-91A4-4774-BE1C-E9B0FF1DE990}.Release|x64.ActiveCfg = Release|Any CPU
		{BBC42D3F-91A4-4774-BE1C-E9B0FF1DE990}.Release|x64.Build.0 = Release|Any CPU
		{BBC42D3F-91A4-4774-BE1C-E9B0FF1DE990}.Release|x86.ActiveCfg = Release|Any CPU
		{BBC42D3F-91A4-4774-BE1C-E9B0FF1DE990}.Release|x86.Build.0 = Release|Any CPU
	EndGlobalSection
	GlobalSection(SolutionProperties) = preSolution
		HideSolutionNode = FALSE
	EndGlobalSection
EndGlobal
